<?xml version="1.0" encoding="UTF-8"?>
<Scheme
   LastUpgradeVersion = "1240"
   version = "2.1">
   <BuildAction
      parallelizeBuildables = "YES"
      buildImplicitDependencies = "YES">
      <BuildActionEntries>
         <BuildActionEntry
            buildForTesting = "YES"
            buildForRunning = "YES"
            buildForProfiling = "YES"
            buildForArchiving = "YES"
            buildForAnalyzing = "YES">
            <BuildableReference
               BuildableIdentifier = "primary"
               BlueprintIdentifier = "7920DC50262C700500536B03"
               BuildableName = "Patrimonio.app"
               BlueprintName = "Patrimonio (iOS)"
               ReferencedContainer = "container:Patrimonio.xcodeproj">
            </BuildableReference>
         </BuildActionEntry>
         <BuildActionEntry
            buildForTesting = "YES"
            buildForRunning = "NO"
            buildForProfiling = "NO"
            buildForArchiving = "NO"
            buildForAnalyzing = "NO">
            <TestPlanReference
               reference = "container:iOS/Patrimonio (iOS).xctestplan">
            </TestPlanReference>
         </BuildActionEntry>
         <BuildActionEntry
            buildForTesting = "YES"
            buildForRunning = "NO"
            buildForProfiling = "NO"
            buildForArchiving = "NO"
            buildForAnalyzing = "NO">
            <BuildableReference
               BuildableIdentifier = "primary"
               BlueprintIdentifier = "ModelEnvironmentTests"
               BuildableName = "ModelEnvironmentTests"
               BlueprintName = "ModelEnvironmentTests"
               ReferencedContainer = "container:Shared/Modules/ModelEnvironment">
            </BuildableReference>
         </BuildActionEntry>
         <BuildActionEntry
            buildForTesting = "YES"
            buildForRunning = "NO"
            buildForProfiling = "NO"
            buildForArchiving = "NO"
            buildForAnalyzing = "NO">
            <BuildableReference
               BuildableIdentifier = "primary"
               BlueprintIdentifier = "UnemployementModel"
               BuildableName = "UnemployementModel"
               BlueprintName = "UnemployementModel"
               ReferencedContainer = "container:Shared/Modules/UnemployementModel">
            </BuildableReference>
         </BuildActionEntry>
         <BuildActionEntry
            buildForTesting = "YES"
            buildForRunning = "NO"
            buildForProfiling = "NO"
            buildForArchiving = "NO"
            buildForAnalyzing = "NO">
            <BuildableReference
               BuildableIdentifier = "primary"
               BlueprintIdentifier = "SuccessionManager"
               BuildableName = "SuccessionManager"
               BlueprintName = "SuccessionManager"
               ReferencedContainer = "container:Shared/Modules/SuccessionManager">
            </BuildableReference>
         </BuildActionEntry>
         <BuildActionEntry
            buildForTesting = "YES"
            buildForRunning = "NO"
            buildForProfiling = "NO"
            buildForArchiving = "NO"
            buildForAnalyzing = "NO">
            <BuildableReference
               BuildableIdentifier = "primary"
               BlueprintIdentifier = "Succession"
               BuildableName = "Succession"
               BlueprintName = "Succession"
               ReferencedContainer = "container:Shared/Modules/Succession">
            </BuildableReference>
         </BuildActionEntry>
         <BuildActionEntry
            buildForTesting = "YES"
            buildForRunning = "NO"
            buildForProfiling = "NO"
            buildForArchiving = "NO"
            buildForAnalyzing = "NO">
            <BuildableReference
               BuildableIdentifier = "primary"
               BlueprintIdentifier = "Statistics"
               BuildableName = "Statistics"
               BlueprintName = "Statistics"
               ReferencedContainer = "container:Shared/Modules/Statistics">
            </BuildableReference>
         </BuildActionEntry>
         <BuildActionEntry
            buildForTesting = "YES"
            buildForRunning = "NO"
            buildForProfiling = "NO"
            buildForArchiving = "NO"
            buildForAnalyzing = "NO">
            <BuildableReference
               BuildableIdentifier = "primary"
               BlueprintIdentifier = "SocioEconomyModel"
               BuildableName = "SocioEconomyModel"
               BlueprintName = "SocioEconomyModel"
               ReferencedContainer = "container:Shared/Modules/SocioEconomyModel">
            </BuildableReference>
         </BuildActionEntry>
         <BuildActionEntry
            buildForTesting = "YES"
            buildForRunning = "NO"
            buildForProfiling = "NO"
            buildForArchiving = "NO"
            buildForAnalyzing = "NO">
            <BuildableReference
               BuildableIdentifier = "primary"
               BlueprintIdentifier = "SimulationLogger"
               BuildableName = "SimulationLogger"
               BlueprintName = "SimulationLogger"
               ReferencedContainer = "container:Shared/Modules/SimulationLogger">
            </BuildableReference>
         </BuildActionEntry>
         <BuildActionEntry
            buildForTesting = "YES"
            buildForRunning = "NO"
            buildForProfiling = "NO"
            buildForArchiving = "NO"
            buildForAnalyzing = "NO">
            <BuildableReference
               BuildableIdentifier = "primary"
               BlueprintIdentifier = "RetirementModel"
               BuildableName = "RetirementModel"
               BlueprintName = "RetirementModel"
               ReferencedContainer = "container:Shared/Modules/RetirementModel">
            </BuildableReference>
         </BuildActionEntry>
         <BuildActionEntry
            buildForTesting = "YES"
            buildForRunning = "NO"
            buildForProfiling = "NO"
            buildForArchiving = "NO"
            buildForAnalyzing = "NO">
            <BuildableReference
               BuildableIdentifier = "primary"
               BlueprintIdentifier = "PersonModel"
               BuildableName = "PersonModel"
               BlueprintName = "PersonModel"
               ReferencedContainer = "container:Shared/Modules/PersonModel">
            </BuildableReference>
         </BuildActionEntry>
         <BuildActionEntry
            buildForTesting = "YES"
            buildForRunning = "NO"
            buildForProfiling = "NO"
            buildForArchiving = "NO"
            buildForAnalyzing = "NO">
            <BuildableReference
               BuildableIdentifier = "primary"
               BlueprintIdentifier = "AppFoundation"
               BuildableName = "AppFoundation"
               BlueprintName = "AppFoundation"
               ReferencedContainer = "container:Shared/Modules/AppFoundation">
            </BuildableReference>
         </BuildActionEntry>
         <BuildActionEntry
            buildForTesting = "YES"
            buildForRunning = "NO"
            buildForProfiling = "NO"
            buildForArchiving = "NO"
            buildForAnalyzing = "NO">
            <BuildableReference
               BuildableIdentifier = "primary"
               BlueprintIdentifier = "AssetsModel"
               BuildableName = "AssetsModel"
               BlueprintName = "AssetsModel"
               ReferencedContainer = "container:Shared/Modules/AssetsModel">
            </BuildableReference>
         </BuildActionEntry>
         <BuildActionEntry
            buildForTesting = "YES"
            buildForRunning = "NO"
            buildForProfiling = "NO"
            buildForArchiving = "NO"
            buildForAnalyzing = "NO">
            <BuildableReference
               BuildableIdentifier = "primary"
               BlueprintIdentifier = "BalanceSheet"
               BuildableName = "BalanceSheet"
               BlueprintName = "BalanceSheet"
               ReferencedContainer = "container:Shared/Modules/BalanceSheet">
            </BuildableReference>
         </BuildActionEntry>
         <BuildActionEntry
            buildForTesting = "YES"
            buildForRunning = "NO"
            buildForProfiling = "NO"
            buildForArchiving = "NO"
            buildForAnalyzing = "NO">
            <BuildableReference
               BuildableIdentifier = "primary"
               BlueprintIdentifier = "DateBoundary"
               BuildableName = "DateBoundary"
               BlueprintName = "DateBoundary"
               ReferencedContainer = "container:Shared/Modules/DateBoundary">
            </BuildableReference>
         </BuildActionEntry>
         <BuildActionEntry
            buildForTesting = "YES"
            buildForRunning = "NO"
            buildForProfiling = "NO"
            buildForArchiving = "NO"
            buildForAnalyzing = "NO">
            <BuildableReference
               BuildableIdentifier = "primary"
               BlueprintIdentifier = "EconomyModel"
               BuildableName = "EconomyModel"
               BlueprintName = "EconomyModel"
               ReferencedContainer = "container:Shared/Modules/EconomyModel">
            </BuildableReference>
         </BuildActionEntry>
         <BuildActionEntry
            buildForTesting = "YES"
            buildForRunning = "NO"
            buildForProfiling = "NO"
            buildForArchiving = "NO"
            buildForAnalyzing = "NO">
            <BuildableReference
               BuildableIdentifier = "primary"
               BlueprintIdentifier = "FamilyModel"
               BuildableName = "FamilyModel"
               BlueprintName = "FamilyModel"
               ReferencedContainer = "container:Shared/Modules/FamilyModel">
            </BuildableReference>
         </BuildActionEntry>
         <BuildActionEntry
            buildForTesting = "YES"
            buildForRunning = "NO"
            buildForProfiling = "NO"
            buildForArchiving = "NO"
            buildForAnalyzing = "NO">
            <BuildableReference
               BuildableIdentifier = "primary"
               BlueprintIdentifier = "FileAndFolder"
               BuildableName = "FileAndFolder"
               BlueprintName = "FileAndFolder"
               ReferencedContainer = "container:Shared/Modules/FileAndFolder">
            </BuildableReference>
         </BuildActionEntry>
         <BuildActionEntry
            buildForTesting = "YES"
            buildForRunning = "NO"
            buildForProfiling = "NO"
            buildForArchiving = "NO"
            buildForAnalyzing = "NO">
            <BuildableReference
               BuildableIdentifier = "primary"
               BlueprintIdentifier = "FiscalModel"
               BuildableName = "FiscalModel"
               BlueprintName = "FiscalModel"
               ReferencedContainer = "container:Shared/Modules/FiscalModel">
            </BuildableReference>
         </BuildActionEntry>
         <BuildActionEntry
            buildForTesting = "YES"
            buildForRunning = "NO"
            buildForProfiling = "NO"
            buildForArchiving = "NO"
            buildForAnalyzing = "NO">
            <BuildableReference
               BuildableIdentifier = "primary"
               BlueprintIdentifier = "HumanLifeModel"
               BuildableName = "HumanLifeModel"
               BlueprintName = "HumanLifeModel"
               ReferencedContainer = "container:Shared/Modules/HumanLifeModel">
            </BuildableReference>
         </BuildActionEntry>
         <BuildActionEntry
            buildForTesting = "YES"
            buildForRunning = "YES"
            buildForProfiling = "YES"
            buildForArchiving = "YES"
            buildForAnalyzing = "YES">
            <BuildableReference
               BuildableIdentifier = "primary"
               BlueprintIdentifier = "Kpi"
               BuildableName = "Kpi"
               BlueprintName = "Kpi"
               ReferencedContainer = "container:Shared/Modules/Kpi">
            </BuildableReference>
         </BuildActionEntry>
         <BuildActionEntry
            buildForTesting = "YES"
            buildForRunning = "YES"
            buildForProfiling = "YES"
            buildForArchiving = "YES"
            buildForAnalyzing = "YES">
            <BuildableReference
               BuildableIdentifier = "primary"
               BlueprintIdentifier = "Liabilities"
               BuildableName = "Liabilities"
               BlueprintName = "Liabilities"
               ReferencedContainer = "container:Shared/Modules/Liabilities">
            </BuildableReference>
         </BuildActionEntry>
         <BuildActionEntry
            buildForTesting = "YES"
            buildForRunning = "YES"
            buildForProfiling = "YES"
            buildForArchiving = "YES"
            buildForAnalyzing = "YES">
            <BuildableReference
               BuildableIdentifier = "primary"
               BlueprintIdentifier = "LifeExpense"
               BuildableName = "LifeExpense"
               BlueprintName = "LifeExpense"
               ReferencedContainer = "container:Shared/Modules/LifeExpense">
            </BuildableReference>
         </BuildActionEntry>
         <BuildActionEntry
            buildForTesting = "YES"
            buildForRunning = "YES"
            buildForProfiling = "YES"
            buildForArchiving = "YES"
            buildForAnalyzing = "YES">
            <BuildableReference
               BuildableIdentifier = "primary"
               BlueprintIdentifier = "ModelEnvironment"
               BuildableName = "ModelEnvironment"
               BlueprintName = "ModelEnvironment"
               ReferencedContainer = "container:Shared/Modules/ModelEnvironment">
            </BuildableReference>
         </BuildActionEntry>
         <BuildActionEntry
            buildForTesting = "YES"
            buildForRunning = "YES"
            buildForProfiling = "YES"
            buildForArchiving = "YES"
            buildForAnalyzing = "YES">
            <BuildableReference
               BuildableIdentifier = "primary"
               BlueprintIdentifier = "NamedValue"
               BuildableName = "NamedValue"
               BlueprintName = "NamedValue"
               ReferencedContainer = "container:Shared/Modules/NamedValue">
            </BuildableReference>
         </BuildActionEntry>
         <BuildActionEntry
            buildForTesting = "YES"
            buildForRunning = "YES"
            buildForProfiling = "YES"
            buildForArchiving = "YES"
            buildForAnalyzing = "YES">
            <BuildableReference
               BuildableIdentifier = "primary"
               BlueprintIdentifier = "PatrimoineModel"
               BuildableName = "PatrimoineModel"
               BlueprintName = "PatrimoineModel"
               ReferencedContainer = "container:Shared/Modules/PatrimoineModel">
            </BuildableReference>
         </BuildActionEntry>
         <BuildActionEntry
            buildForTesting = "YES"
            buildForRunning = "YES"
            buildForProfiling = "YES"
            buildForArchiving = "YES"
            buildForAnalyzing = "YES">
            <BuildableReference
               BuildableIdentifier = "primary"
               BlueprintIdentifier = "Ownership"
               BuildableName = "Ownership"
               BlueprintName = "Ownership"
               ReferencedContainer = "container:Shared/Modules/Ownership">
            </BuildableReference>
         </BuildActionEntry>
         <BuildActionEntry
            buildForTesting = "YES"
            buildForRunning = "YES"
            buildForProfiling = "YES"
            buildForArchiving = "YES"
            buildForAnalyzing = "YES">
            <BuildableReference
               BuildableIdentifier = "primary"
               BlueprintIdentifier = "Persistable"
               BuildableName = "Persistable"
               BlueprintName = "Persistable"
               ReferencedContainer = "container:Shared/Modules/Persistable">
            </BuildableReference>
         </BuildActionEntry>
         <BuildActionEntry
            buildForTesting = "YES"
            buildForRunning = "YES"
            buildForProfiling = "YES"
            buildForArchiving = "YES"
            buildForAnalyzing = "YES">
            <BuildableReference
               BuildableIdentifier = "primary"
               BlueprintIdentifier = "Stateful"
               BuildableName = "Stateful"
               BlueprintName = "Stateful"
               ReferencedContainer = "container:Shared/Modules/Stateful">
            </BuildableReference>
         </BuildActionEntry>
         <BuildActionEntry
            buildForTesting = "YES"
            buildForRunning = "YES"
            buildForProfiling = "YES"
            buildForArchiving = "YES"
            buildForAnalyzing = "YES">
            <BuildableReference
               BuildableIdentifier = "primary"
               BlueprintIdentifier = "Persistence"
               BuildableName = "Persistence"
               BlueprintName = "Persistence"
               ReferencedContainer = "container:Shared/Modules/Persistence">
            </BuildableReference>
         </BuildActionEntry>
      </BuildActionEntries>
   </BuildAction>
   <TestAction
      buildConfiguration = "Debug"
      selectedDebuggerIdentifier = "Xcode.DebuggerFoundation.Debugger.LLDB"
      selectedLauncherIdentifier = "Xcode.DebuggerFoundation.Launcher.LLDB"
      shouldUseLaunchSchemeArgsEnv = "YES"
      codeCoverageEnabled = "YES">
      <TestPlans>
         <TestPlanReference
            reference = "container:iOS/Patrimonio (iOS).xctestplan"
            default = "YES">
         </TestPlanReference>
      </TestPlans>
      <Testables>
         <TestableReference
            skipped = "NO">
            <BuildableReference
               BuildableIdentifier = "primary"
               BlueprintIdentifier = "7920DC60262C700500536B03"
               BuildableName = "Tests iOS.xctest"
               BlueprintName = "Tests iOS"
               ReferencedContainer = "container:Patrimonio.xcodeproj">
            </BuildableReference>
         </TestableReference>
         <TestableReference
            skipped = "NO">
            <BuildableReference
               BuildableIdentifier = "primary"
               BlueprintIdentifier = "ModelEnvironmentTests"
               BuildableName = "ModelEnvironmentTests"
               BlueprintName = "ModelEnvironmentTests"
               ReferencedContainer = "container:Shared/Modules/ModelEnvironment">
            </BuildableReference>
         </TestableReference>
         <TestableReference
            skipped = "NO">
            <BuildableReference
               BuildableIdentifier = "primary"
               BlueprintIdentifier = "PersistenceTests"
               BuildableName = "PersistenceTests"
               BlueprintName = "PersistenceTests"
               ReferencedContainer = "container:Shared/Modules/Persistence">
            </BuildableReference>
         </TestableReference>
         <TestableReference
            skipped = "NO">
            <BuildableReference
               BuildableIdentifier = "primary"
               BlueprintIdentifier = "ModelEnvironmentTests"
               BuildableName = "ModelEnvironmentTests"
               BlueprintName = "ModelEnvironmentTests"
               ReferencedContainer = "container:Shared/Modules/ModelEnvironment">
            </BuildableReference>
         </TestableReference>
         <TestableReference
            skipped = "NO">
            <BuildableReference
               BuildableIdentifier = "primary"
               BlueprintIdentifier = "ModelEnvironmentTests"
               BuildableName = "ModelEnvironmentTests"
               BlueprintName = "ModelEnvironmentTests"
               ReferencedContainer = "container:Shared/Modules/ModelEnvironment">
            </BuildableReference>
         </TestableReference>
         <TestableReference
            skipped = "NO">
            <BuildableReference
               BuildableIdentifier = "primary"
               BlueprintIdentifier = "OwnershipTests"
               BuildableName = "OwnershipTests"
               BlueprintName = "OwnershipTests"
               ReferencedContainer = "container:Shared/Modules/Ownership">
            </BuildableReference>
         </TestableReference>
         <TestableReference
            skipped = "NO">
            <BuildableReference
               BuildableIdentifier = "primary"
               BlueprintIdentifier = "AssetsModelTests"
               BuildableName = "AssetsModelTests"
               BlueprintName = "AssetsModelTests"
               ReferencedContainer = "container:Shared/Modules/AssetsModel">
            </BuildableReference>
         </TestableReference>
         <TestableReference
            skipped = "NO">
            <BuildableReference
               BuildableIdentifier = "primary"
               BlueprintIdentifier = "DateBoundaryTests"
               BuildableName = "DateBoundaryTests"
               BlueprintName = "DateBoundaryTests"
               ReferencedContainer = "container:Shared/Modules/DateBoundary">
            </BuildableReference>
         </TestableReference>
         <TestableReference
            skipped = "NO">
            <BuildableReference
               BuildableIdentifier = "primary"
               BlueprintIdentifier = "LifeExpenseTests"
               BuildableName = "LifeExpenseTests"
               BlueprintName = "LifeExpenseTests"
               ReferencedContainer = "container:Shared/Modules/LifeExpense">
            </BuildableReference>
         </TestableReference>
         <TestableReference
            skipped = "NO">
            <BuildableReference
               BuildableIdentifier = "primary"
               BlueprintIdentifier = "LifeExpenseTests"
               BuildableName = "LifeExpenseTests"
               BlueprintName = "LifeExpenseTests"
               ReferencedContainer = "container:Shared/Modules/LifeExpense">
            </BuildableReference>
         </TestableReference>
         <TestableReference
            skipped = "NO">
            <BuildableReference
               BuildableIdentifier = "primary"
               BlueprintIdentifier = "PatrimoineModelTests"
               BuildableName = "PatrimoineModelTests"
               BlueprintName = "PatrimoineModelTests"
               ReferencedContainer = "container:Shared/Modules/PatrimoineModel">
            </BuildableReference>
         </TestableReference>
         <TestableReference
            skipped = "NO">
            <BuildableReference
               BuildableIdentifier = "primary"
               BlueprintIdentifier = "PatrimoineModelTests"
               BuildableName = "PatrimoineModelTests"
               BlueprintName = "PatrimoineModelTests"
               ReferencedContainer = "container:Shared/Modules/PatrimoineModel">
            </BuildableReference>
         </TestableReference>
         <TestableReference
            skipped = "NO">
            <BuildableReference
               BuildableIdentifier = "primary"
               BlueprintIdentifier = "7920DC60262C700500536B03"
               BuildableName = "Tests iOS.xctest"
               BlueprintName = "Tests iOS"
               ReferencedContainer = "container:Patrimonio.xcodeproj">
            </BuildableReference>
         </TestableReference>
         <TestableReference
            skipped = "NO">
            <BuildableReference
               BuildableIdentifier = "primary"
               BlueprintIdentifier = "7920DC60262C700500536B03"
               BuildableName = "Tests iOS.xctest"
               BlueprintName = "Tests iOS"
               ReferencedContainer = "container:Patrimonio.xcodeproj">
            </BuildableReference>
         </TestableReference>
      </Testables>
   </TestAction>
   <LaunchAction
      buildConfiguration = "Debug"
      selectedDebuggerIdentifier = "Xcode.DebuggerFoundation.Debugger.LLDB"
      selectedLauncherIdentifier = "Xcode.DebuggerFoundation.Launcher.LLDB"
      launchStyle = "0"
      useCustomWorkingDirectory = "NO"
      ignoresPersistentStateOnLaunch = "NO"
      debugDocumentVersioning = "YES"
      debugServiceExtension = "internal"
      allowLocationSimulation = "YES">
      <BuildableProductRunnable
         runnableDebuggingMode = "0">
         <BuildableReference
            BuildableIdentifier = "primary"
            BlueprintIdentifier = "7920DC50262C700500536B03"
            BuildableName = "Patrimonio.app"
            BlueprintName = "Patrimonio (iOS)"
            ReferencedContainer = "container:Patrimonio.xcodeproj">
         </BuildableReference>
      </BuildableProductRunnable>
   </LaunchAction>
   <ProfileAction
      buildConfiguration = "Release"
      shouldUseLaunchSchemeArgsEnv = "YES"
      savedToolIdentifier = ""
      useCustomWorkingDirectory = "NO"
      debugDocumentVersioning = "YES">
      <BuildableProductRunnable
         runnableDebuggingMode = "0">
         <BuildableReference
            BuildableIdentifier = "primary"
            BlueprintIdentifier = "7920DC50262C700500536B03"
            BuildableName = "Patrimonio.app"
            BlueprintName = "Patrimonio (iOS)"
            ReferencedContainer = "container:Patrimonio.xcodeproj">
         </BuildableReference>
      </BuildableProductRunnable>
   </ProfileAction>
   <AnalyzeAction
      buildConfiguration = "Debug">
   </AnalyzeAction>
   <ArchiveAction
      buildConfiguration = "Release"
      revealArchiveInOrganizer = "YES">
   </ArchiveAction>
</Scheme>
