{
  "object": {
    "pins": [
      {
        "package": "Charts",
        "repositoryURL": "https://github.com/danielgindi/Charts.git",
        "state": {
          "branch": null,
          "revision": "66546404a6739173b8e436ab6bc1f2897cd08594",
          "version": "3.6.0"
        }
      },
      {
        "package": "Files",
        "repositoryURL": "https://github.com/JohnSundell/Files.git",
        "state": {
          "branch": null,
          "revision": "d273b5b7025d386feef79ef6bad7de762e106eaf",
          "version": "4.2.0"
        }
      },
      {
        "package": "Foil",
        "repositoryURL": "https://github.com/jessesquires/Foil.git",
        "state": {
          "branch": null,
          "revision": "87c305721ffee245e9fb859237f2908140c04442",
          "version": "1.2.0"
        }
      },
      {
        "package": "SigmaSwiftStatistics",
        "repositoryURL": "https://github.com/evgenyneu/SigmaSwiftStatistics.git",
        "state": {
          "branch": null,
          "revision": "d36db09f97a1739edc8c63897220c7ecbb5de684",
          "version": "9.0.2"
        }
      },
      {
        "package": "StepperView",
        "repositoryURL": "https://github.com/badrinathvm/StepperView.git",
        "state": {
          "branch": null,
          "revision": "ee0bd69c5fbc4010a2beb17388c10a436c2cabf3",
          "version": "1.5.6"
        }
      },
      {
        "package": "swift-collections",
        "repositoryURL": "https://github.com/apple/swift-collections.git",
        "state": {
          "branch": null,
          "revision": "48254824bb4248676bf7ce56014ff57b142b77eb",
          "version": "1.0.2"
        }
      },
      {
        "package": "swift-numerics",
        "repositoryURL": "https://github.com/apple/swift-numerics.git",
        "state": {
          "branch": null,
          "revision": "6583ac70c326c3ee080c1d42d9ca3361dca816cd",
          "version": "0.1.0"
        }
      },
      {
        "package": "TypePreservingCodingAdapter",
        "repositoryURL": "https://github.com/IgorMuzyka/Type-Preserving-Coding-Adapter.git",
        "state": {
          "branch": null,
          "revision": "6815b820fcf3185739dd57f47f4378350cef6740",
          "version": "1.0.2"
        }
      }
    ]
  },
  "version": 1
}
